<?xml version="1.0" encoding="UTF-8" standalone="yes" ?>
<CodeBlocks_project_file>
	<FileVersion major="1" minor="6" />
	<Project>
		<Option title="PPO_Trading" />
		<Option pch_mode="2" />
		<Option compiler="gcc" />
		<Build>
			<Target title="Debug">
				<Option output="bin/Debug/PPO_Trading" prefix_auto="1" extension_auto="1" />
				<Option object_output="obj/Debug/" />
				<Option type="1" />
				<Option compiler="gcc" />
				<Compiler>
					<Add option="-g" />
					<Add directory="include" />
				</Compiler>
			</Target>
			<Target title="Release">
				<Option output="bin/Release/PPO_Trading" prefix_auto="1" extension_auto="1" />
				<Option object_output="obj/Release/" />
				<Option type="1" />
				<Option compiler="gcc" />
				<Compiler>
					<Add option="-O2" />
					<Add directory="include" />
				</Compiler>
				<Linker>
					<Add option="-s" />
				</Linker>
			</Target>
		</Build>
		<Compiler>
			<Add option="-Wall" />
			<Add option="-fexceptions" />
		</Compiler>
		<Unit filename="include/MarketData.h" />
		<Unit filename="include/agent.h" />
		<Unit filename="include/agent_data.h" />
		<Unit filename="include/environment.h" />
		<Unit filename="include/layer.h" />
		<Unit filename="include/matrix.h" />
		<Unit filename="include/net.h" />
		<Unit filename="include/trainSet.h" />
		<Unit filename="include/trainer.h" />
		<Unit filename="include/trainer_trade.h" />
		<Unit filename="src/MarketData.cpp" />
		<Unit filename="src/agent.cpp" />
		<Unit filename="src/agent_data.cpp" />
		<Unit filename="src/environment.cpp" />
		<Unit filename="src/layer.cpp" />
		<Unit filename="src/main.cpp" />
		<Unit filename="src/matrix.cpp" />
		<Unit filename="src/net.cpp" />
		<Extensions>
			<lib_finder disable_auto="1" />
		</Extensions>
	</Project>
</CodeBlocks_project_file>
